// !$*UTF8*$!
{
	archiveVersion = 1;
	classes = {
	};
	objectVersion = 60;
	objects = {

/* Begin PBXBuildFile section */
		EB0974DE2BFE205900A82804 /* LifoContainers in Frameworks */ = {isa = PBXBuildFile; productRef = EB0974DD2BFE205900A82804 /* LifoContainers */; };
		EBAA84082BF4B3B0003DBB45 /* ParenthesesValidatorApp.swift in Sources */ = {isa = PBXBuildFile; fileRef = EBAA84072BF4B3B0003DBB45 /* ParenthesesValidatorApp.swift */; };
		EBAA840A2BF4B3B0003DBB45 /* ContentView.swift in Sources */ = {isa = PBXBuildFile; fileRef = EBAA84092BF4B3B0003DBB45 /* ContentView.swift */; };
		EBAA840C2BF4B3B1003DBB45 /* Assets.xcassets in Resources */ = {isa = PBXBuildFile; fileRef = EBAA840B2BF4B3B1003DBB45 /* Assets.xcassets */; };
		EBAA84172BF537E7003DBB45 /* ViewModel.swift in Sources */ = {isa = PBXBuildFile; fileRef = EBAA84162BF537E7003DBB45 /* ViewModel.swift */; };
		EBAA84422BF560BE003DBB45 /* LifoContainers.xcframework in Frameworks */ = {isa = PBXBuildFile; fileRef = EBAA84412BF560BE003DBB45 /* LifoContainers.xcframework */; };
/* End PBXBuildFile section */

/* Begin PBXFileReference section */
		EBAA84042BF4B3B0003DBB45 /* ParenthesesValidator.app */ = {isa = PBXFileReference; explicitFileType = wrapper.application; includeInIndex = 0; path = ParenthesesValidator.app; sourceTree = BUILT_PRODUCTS_DIR; };
		EBAA84072BF4B3B0003DBB45 /* ParenthesesValidatorApp.swift */ = {isa = PBXFileReference; lastKnownFileType = sourcecode.swift; path = ParenthesesValidatorApp.swift; sourceTree = "<group>"; };
		EBAA84092BF4B3B0003DBB45 /* ContentView.swift */ = {isa = PBXFileReference; lastKnownFileType = sourcecode.swift; path = ContentView.swift; sourceTree = "<group>"; };
		EBAA840B2BF4B3B1003DBB45 /* Assets.xcassets */ = {isa = PBXFileReference; lastKnownFileType = folder.assetcatalog; path = Assets.xcassets; sourceTree = "<group>"; };
		EBAA84102BF4B3B1003DBB45 /* ParenthesesValidator.entitlements */ = {isa = PBXFileReference; lastKnownFileType = text.plist.entitlements; path = ParenthesesValidator.entitlements; sourceTree = "<group>"; };
		EBAA84162BF537E7003DBB45 /* ViewModel.swift */ = {isa = PBXFileReference; lastKnownFileType = sourcecode.swift; path = ViewModel.swift; sourceTree = "<group>"; };
		EBAA84412BF560BE003DBB45 /* LifoContainers.xcframework */ = {isa = PBXFileReference; lastKnownFileType = wrapper.xcframework; name = LifoContainers.xcframework; path = Frameworks/LifoContainers.xcframework; sourceTree = "<group>"; };
/* End PBXFileReference section */

/* Begin PBXFrameworksBuildPhase section */
		EBAA84012BF4B3B0003DBB45 /* Frameworks */ = {
			isa = PBXFrameworksBuildPhase;
			buildActionMask = 2147483647;
			files = (
				EB0974DE2BFE205900A82804 /* LifoContainers in Frameworks */,
				EBAA84422BF560BE003DBB45 /* LifoContainers.xcframework in Frameworks */,
			);
			runOnlyForDeploymentPostprocessing = 0;
		};
/* End PBXFrameworksBuildPhase section */

/* Begin PBXGroup section */
		EBAA83FB2BF4B3B0003DBB45 = {
			isa = PBXGroup;
			children = (
				EBAA84062BF4B3B0003DBB45 /* ParenthesesValidator */,
				EBAA84052BF4B3B0003DBB45 /* Products */,
				EBAA84402BF560BE003DBB45 /* Frameworks */,
			);
			sourceTree = "<group>";
		};
		EBAA84052BF4B3B0003DBB45 /* Products */ = {
			isa = PBXGroup;
			children = (
				EBAA84042BF4B3B0003DBB45 /* ParenthesesValidator.app */,
			);
			name = Products;
			sourceTree = "<group>";
		};
		EBAA84062BF4B3B0003DBB45 /* ParenthesesValidator */ = {
			isa = PBXGroup;
			children = (
				EBAA84072BF4B3B0003DBB45 /* ParenthesesValidatorApp.swift */,
				EBAA84092BF4B3B0003DBB45 /* ContentView.swift */,
				EBAA84162BF537E7003DBB45 /* ViewModel.swift */,
				EBAA840B2BF4B3B1003DBB45 /* Assets.xcassets */,
				EBAA84102BF4B3B1003DBB45 /* ParenthesesValidator.entitlements */,
			);
			path = ParenthesesValidator;
			sourceTree = "<group>";
		};
		EBAA84402BF560BE003DBB45 /* Frameworks */ = {
			isa = PBXGroup;
			children = (
				EBAA84412BF560BE003DBB45 /* LifoContainers.xcframework */,
			);
			name = Frameworks;
			sourceTree = "<group>";
		};
/* End PBXGroup section */

/* Begin PBXNativeTarget section */
		EBAA84032BF4B3B0003DBB45 /* ParenthesesValidator */ = {
			isa = PBXNativeTarget;
			buildConfigurationList = EBAA84132BF4B3B1003DBB45 /* Build configuration list for PBXNativeTarget "ParenthesesValidator" */;
			buildPhases = (
				EBAA84002BF4B3B0003DBB45 /* Sources */,
				EBAA84012BF4B3B0003DBB45 /* Frameworks */,
				EBAA84022BF4B3B0003DBB45 /* Resources */,
			);
			buildRules = (
			);
			dependencies = (
			);
			name = ParenthesesValidator;
			packageProductDependencies = (
				EB0974DD2BFE205900A82804 /* LifoContainers */,
			);
			productName = ParenthesesValidator;
			productReference = EBAA84042BF4B3B0003DBB45 /* ParenthesesValidator.app */;
			productType = "com.apple.product-type.application";
		};
/* End PBXNativeTarget section */

/* Begin PBXProject section */
		EBAA83FC2BF4B3B0003DBB45 /* Project object */ = {
			isa = PBXProject;
			attributes = {
				BuildIndependentTargetsInParallel = 1;
				LastSwiftUpdateCheck = 1530;
				LastUpgradeCheck = 1530;
				TargetAttributes = {
					EBAA84032BF4B3B0003DBB45 = {
						CreatedOnToolsVersion = 15.3;
					};
				};
			};
			buildConfigurationList = EBAA83FF2BF4B3B0003DBB45 /* Build configuration list for PBXProject "ParenthesesValidator" */;
			compatibilityVersion = "Xcode 14.0";
			developmentRegion = en;
			hasScannedForEncodings = 0;
			knownRegions = (
				en,
				Base,
			);
			mainGroup = EBAA83FB2BF4B3B0003DBB45;
			packageReferences = (
				EB0974DC2BFE205900A82804 /* XCLocalSwiftPackageReference ".." */,
			);
			productRefGroup = EBAA84052BF4B3B0003DBB45 /* Products */;
			projectDirPath = "";
			projectRoot = "";
			targets = (
				EBAA84032BF4B3B0003DBB45 /* ParenthesesValidator */,
			);
		};
/* End PBXProject section */

/* Begin PBXResourcesBuildPhase section */
		EBAA84022BF4B3B0003DBB45 /* Resources */ = {
			isa = PBXResourcesBuildPhase;
			buildActionMask = 2147483647;
			files = (
				EBAA840C2BF4B3B1003DBB45 /* Assets.xcassets in Resources */,
			);
			runOnlyForDeploymentPostprocessing = 0;
		};
/* End PBXResourcesBuildPhase section */

/* Begin PBXSourcesBuildPhase section */
		EBAA84002BF4B3B0003DBB45 /* Sources */ = {
			isa = PBXSourcesBuildPhase;
			buildActionMask = 2147483647;
			files = (
				EBAA840A2BF4B3B0003DBB45 /* ContentView.swift in Sources */,
				EBAA84172BF537E7003DBB45 /* ViewModel.swift in Sources */,
				EBAA84082BF4B3B0003DBB45 /* ParenthesesValidatorApp.swift in Sources */,
			);
			runOnlyForDeploymentPostprocessing = 0;
		};
/* End PBXSourcesBuildPhase section */

/* Begin XCBuildConfiguration section */
		EBAA84112BF4B3B1003DBB45 /* Debug */ = {
			isa = XCBuildConfiguration;
			buildSettings = {
				ALWAYS_SEARCH_USER_PATHS = NO;
				ASSETCATALOG_COMPILER_GENERATE_SWIFT_ASSET_SYMBOL_EXTENSIONS = YES;
				CLANG_ANALYZER_NONNULL = YES;
				CLANG_ANALYZER_NUMBER_OBJECT_CONVERSION = YES_AGGRESSIVE;
				CLANG_CXX_LANGUAGE_STANDARD = "gnu++20";
				CLANG_ENABLE_MODULES = YES;
				CLANG_ENABLE_OBJC_ARC = YES;
				CLANG_ENABLE_OBJC_WEAK = YES;
				CLANG_WARN_BLOCK_CAPTURE_AUTORELEASING = YES;
				CLANG_WARN_BOOL_CONVERSION = YES;
				CLANG_WARN_COMMA = YES;
				CLANG_WARN_CONSTANT_CONVERSION = YES;
				CLANG_WARN_DEPRECATED_OBJC_IMPLEMENTATIONS = YES;
				CLANG_WARN_DIRECT_OBJC_ISA_USAGE = YES_ERROR;
				CLANG_WARN_DOCUMENTATION_COMMENTS = YES;
				CLANG_WARN_EMPTY_BODY = YES;
				CLANG_WARN_ENUM_CONVERSION = YES;
				CLANG_WARN_INFINITE_RECURSION = YES;
				CLANG_WARN_INT_CONVERSION = YES;
				CLANG_WARN_NON_LITERAL_NULL_CONVERSION = YES;
				CLANG_WARN_OBJC_IMPLICIT_RETAIN_SELF = YES;
				CLANG_WARN_OBJC_LITERAL_CONVERSION = YES;
				CLANG_WARN_OBJC_ROOT_CLASS = YES_ERROR;
				CLANG_WARN_QUOTED_INCLUDE_IN_FRAMEWORK_HEADER = YES;
				CLANG_WARN_RANGE_LOOP_ANALYSIS = YES;
				CLANG_WARN_STRICT_PROTOTYPES = YES;
				CLANG_WARN_SUSPICIOUS_MOVE = YES;
				CLANG_WARN_UNGUARDED_AVAILABILITY = YES_AGGRESSIVE;
				CLANG_WARN_UNREACHABLE_CODE = YES;
				CLANG_WARN__DUPLICATE_METHOD_MATCH = YES;
				COPY_PHASE_STRIP = NO;
				DEBUG_INFORMATION_FORMAT = dwarf;
				ENABLE_STRICT_OBJC_MSGSEND = YES;
				ENABLE_TESTABILITY = YES;
				ENABLE_USER_SCRIPT_SANDBOXING = YES;
				GCC_C_LANGUAGE_STANDARD = gnu17;
				GCC_DYNAMIC_NO_PIC = NO;
				GCC_NO_COMMON_BLOCKS = YES;
				GCC_OPTIMIZATION_LEVEL = 0;
				GCC_PREPROCESSOR_DEFINITIONS = (
					"DEBUG=1",
					"$(inherited)",
				);
				GCC_WARN_64_TO_32_BIT_CONVERSION = YES;
				GCC_WARN_ABOUT_RETURN_TYPE = YES_ERROR;
				GCC_WARN_UNDECLARED_SELECTOR = YES;
				GCC_WARN_UNINITIALIZED_AUTOS = YES_AGGRESSIVE;
				GCC_WARN_UNUSED_FUNCTION = YES;
				GCC_WARN_UNUSED_VARIABLE = YES;
				LOCALIZATION_PREFERS_STRING_CATALOGS = YES;
				MACOSX_DEPLOYMENT_TARGET = 11.0;
				MTL_ENABLE_DEBUG_INFO = INCLUDE_SOURCE;
				MTL_FAST_MATH = YES;
				ONLY_ACTIVE_ARCH = YES;
				SDKROOT = macosx;
				SWIFT_ACTIVE_COMPILATION_CONDITIONS = "DEBUG $(inherited)";
				SWIFT_OPTIMIZATION_LEVEL = "-Onone";
			};
			name = Debug;
		};
		EBAA84122BF4B3B1003DBB45 /* Release */ = {
			isa = XCBuildConfiguration;
			buildSettings = {
				ALWAYS_SEARCH_USER_PATHS = NO;
				ASSETCATALOG_COMPILER_GENERATE_SWIFT_ASSET_SYMBOL_EXTENSIONS = YES;
				CLANG_ANALYZER_NONNULL = YES;
				CLANG_ANALYZER_NUMBER_OBJECT_CONVERSION = YES_AGGRESSIVE;
				CLANG_CXX_LANGUAGE_STANDARD = "gnu++20";
				CLANG_ENABLE_MODULES = YES;
				CLANG_ENABLE_OBJC_ARC = YES;
				CLANG_ENABLE_OBJC_WEAK = YES;
				CLANG_WARN_BLOCK_CAPTURE_AUTORELEASING = YES;
				CLANG_WARN_BOOL_CONVERSION = YES;
				CLANG_WARN_COMMA = YES;
				CLANG_WARN_CONSTANT_CONVERSION = YES;
				CLANG_WARN_DEPRECATED_OBJC_IMPLEMENTATIONS = YES;
				CLANG_WARN_DIRECT_OBJC_ISA_USAGE = YES_ERROR;
				CLANG_WARN_DOCUMENTATION_COMMENTS = YES;
				CLANG_WARN_EMPTY_BODY = YES;
				CLANG_WARN_ENUM_CONVERSION = YES;
				CLANG_WARN_INFINITE_RECURSION = YES;
				CLANG_WARN_INT_CONVERSION = YES;
				CLANG_WARN_NON_LITERAL_NULL_CONVERSION = YES;
				CLANG_WARN_OBJC_IMPLICIT_RETAIN_SELF = YES;
				CLANG_WARN_OBJC_LITERAL_CONVERSION = YES;
				CLANG_WARN_OBJC_ROOT_CLASS = YES_ERROR;
				CLANG_WARN_QUOTED_INCLUDE_IN_FRAMEWORK_HEADER = YES;
				CLANG_WARN_RANGE_LOOP_ANALYSIS = YES;
				CLANG_WARN_STRICT_PROTOTYPES = YES;
				CLANG_WARN_SUSPICIOUS_MOVE = YES;
				CLANG_WARN_UNGUARDED_AVAILABILITY = YES_AGGRESSIVE;
				CLANG_WARN_UNREACHABLE_CODE = YES;
				CLANG_WARN__DUPLICATE_METHOD_MATCH = YES;
				COPY_PHASE_STRIP = NO;
				DEBUG_INFORMATION_FORMAT = "dwarf-with-dsym";
				ENABLE_NS_ASSERTIONS = NO;
				ENABLE_STRICT_OBJC_MSGSEND = YES;
				ENABLE_USER_SCRIPT_SANDBOXING = YES;
				GCC_C_LANGUAGE_STANDARD = gnu17;
				GCC_NO_COMMON_BLOCKS = YES;
				GCC_WARN_64_TO_32_BIT_CONVERSION = YES;
				GCC_WARN_ABOUT_RETURN_TYPE = YES_ERROR;
				GCC_WARN_UNDECLARED_SELECTOR = YES;
				GCC_WARN_UNINITIALIZED_AUTOS = YES_AGGRESSIVE;
				GCC_WARN_UNUSED_FUNCTION = YES;
				GCC_WARN_UNUSED_VARIABLE = YES;
				LOCALIZATION_PREFERS_STRING_CATALOGS = YES;
				MACOSX_DEPLOYMENT_TARGET = 11.0;
				MTL_ENABLE_DEBUG_INFO = NO;
				MTL_FAST_MATH = YES;
				SDKROOT = macosx;
				SWIFT_COMPILATION_MODE = wholemodule;
			};
			name = Release;
		};
		EBAA84142BF4B3B1003DBB45 /* Debug */ = {
			isa = XCBuildConfiguration;
			buildSettings = {
				ASSETCATALOG_COMPILER_APPICON_NAME = AppIcon;
				ASSETCATALOG_COMPILER_GLOBAL_ACCENT_COLOR_NAME = AccentColor;
				CODE_SIGN_ENTITLEMENTS = ParenthesesValidator/ParenthesesValidator.entitlements;
				CODE_SIGN_STYLE = Automatic;
				COMBINE_HIDPI_IMAGES = YES;
				CURRENT_PROJECT_VERSION = 1;
				DEVELOPMENT_ASSET_PATHS = "";
				ENABLE_PREVIEWS = YES;
				GENERATE_INFOPLIST_FILE = YES;
				INFOPLIST_KEY_NSHumanReadableCopyright = "";
				LD_RUNPATH_SEARCH_PATHS = (
					"$(inherited)",
					"@executable_path/../Frameworks",
				);
				MACOSX_DEPLOYMENT_TARGET = 11.0;
				MARKETING_VERSION = 1.0.0;
				PRODUCT_BUNDLE_IDENTIFIER = alex.levshenkov.framework.lifoContainers.demo;
				PRODUCT_NAME = "$(TARGET_NAME)";
				SWIFT_EMIT_LOC_STRINGS = YES;
				SWIFT_VERSION = 5.0;
			};
			name = Debug;
		};
		EBAA84152BF4B3B1003DBB45 /* Release */ = {
			isa = XCBuildConfiguration;
			buildSettings = {
				ASSETCATALOG_COMPILER_APPICON_NAME = AppIcon;
				ASSETCATALOG_COMPILER_GLOBAL_ACCENT_COLOR_NAME = AccentColor;
				CODE_SIGN_ENTITLEMENTS = ParenthesesValidator/ParenthesesValidator.entitlements;
				CODE_SIGN_STYLE = Automatic;
				COMBINE_HIDPI_IMAGES = YES;
				CURRENT_PROJECT_VERSION = 1;
				DEVELOPMENT_ASSET_PATHS = "";
				ENABLE_PREVIEWS = YES;
				GENERATE_INFOPLIST_FILE = YES;
				INFOPLIST_KEY_NSHumanReadableCopyright = "";
				LD_RUNPATH_SEARCH_PATHS = (
					"$(inherited)",
					"@executable_path/../Frameworks",
				);
				MACOSX_DEPLOYMENT_TARGET = 11.0;
				MARKETING_VERSION = 1.0.0;
				PRODUCT_BUNDLE_IDENTIFIER = alex.levshenkov.framework.lifoContainers.demo;
				PRODUCT_NAME = "$(TARGET_NAME)";
				SWIFT_EMIT_LOC_STRINGS = YES;
				SWIFT_VERSION = 5.0;
			};
			name = Release;
		};
/* End XCBuildConfiguration section */

/* Begin XCConfigurationList section */
		EBAA83FF2BF4B3B0003DBB45 /* Build configuration list for PBXProject "ParenthesesValidator" */ = {
			isa = XCConfigurationList;
			buildConfigurations = (
				EBAA84112BF4B3B1003DBB45 /* Debug */,
				EBAA84122BF4B3B1003DBB45 /* Release */,
			);
			defaultConfigurationIsVisible = 0;
			defaultConfigurationName = Release;
		};
		EBAA84132BF4B3B1003DBB45 /* Build configuration list for PBXNativeTarget "ParenthesesValidator" */ = {
			isa = XCConfigurationList;
			buildConfigurations = (
				EBAA84142BF4B3B1003DBB45 /* Debug */,
				EBAA84152BF4B3B1003DBB45 /* Release */,
			);
			defaultConfigurationIsVisible = 0;
			defaultConfigurationName = Release;
		};
/* End XCConfigurationList section */

/* Begin XCLocalSwiftPackageReference section */
		EB0974DC2BFE205900A82804 /* XCLocalSwiftPackageReference ".." */ = {
			isa = XCLocalSwiftPackageReference;
			relativePath = ..;
		};
/* End XCLocalSwiftPackageReference section */

/* Begin XCSwiftPackageProductDependency section */
		EB0974DD2BFE205900A82804 /* LifoContainers */ = {
			isa = XCSwiftPackageProductDependency;
			productName = LifoContainers;
		};
/* End XCSwiftPackageProductDependency section */
	};
	rootObject = EBAA83FC2BF4B3B0003DBB45 /* Project object */;
}
